
Microsoft Visual Studio Solution File, Format Version 12.00
# Visual Studio Version 17
VisualStudioVersion = 17.9.34723.18
MinimumVisualStudioVersion = 10.0.40219.1
Project("{FAE04EC0-301F-11D3-BF4B-00C04F79EFBC}") = "PatikaCohortsProject.API", "PatikaCohortsProject.API\PatikaCohortsProject.API.csproj", "{BEFDB06B-D77E-4AE6-BFE3-A3510846213F}"
EndProject
Global
	GlobalSection(SolutionConfigurationPlatforms) = preSolution
		Debug|Any CPU = Debug|Any CPU
		Release|Any CPU = Release|Any CPU
	EndGlobalSection
	GlobalSection(ProjectConfigurationPlatforms) = postSolution
		{BEFDB06B-D77E-4AE6-BFE3-A3510846213F}.Debug|Any CPU.ActiveCfg = Debug|Any CPU
		{BEFDB06B-D77E-4AE6-BFE3-A3510846213F}.Debug|Any CPU.Build.0 = Debug|Any CPU
		{BEFDB06B-D77E-4AE6-BFE3-A3510846213F}.Release|Any CPU.ActiveCfg = Release|Any CPU
		{BEFDB06B-D77E-4AE6-BFE3-A3510846213F}.Release|Any CPU.Build.0 = Release|Any CPU
	EndGlobalSection
	GlobalSection(SolutionProperties) = preSolution
		HideSolutionNode = FALSE
	EndGlobalSection
	GlobalSection(ExtensibilityGlobals) = postSolution
		SolutionGuid = {863ACD5C-6556-44F0-99A6-C793D03475E9}
	EndGlobalSection
EndGlobal
